// !$*UTF8*$!
{
	archiveVersion = 1;
	classes = {
	};
	objectVersion = 55;
	objects = {

/* Begin PBXBuildFile section */
		849394FD28AC474C009F7287 /* AppDelegate.swift in Sources */ = {isa = PBXBuildFile; fileRef = 849394FC28AC474C009F7287 /* AppDelegate.swift */; };
		8493950128AC474C009F7287 /* Main.html in Resources */ = {isa = PBXBuildFile; fileRef = 849394FF28AC474C009F7287 /* Main.html */; };
		8493950528AC474C009F7287 /* Style.css in Resources */ = {isa = PBXBuildFile; fileRef = 8493950428AC474C009F7287 /* Style.css */; };
		8493950728AC474C009F7287 /* Script.js in Resources */ = {isa = PBXBuildFile; fileRef = 8493950628AC474C009F7287 /* Script.js */; };
		8493950928AC474C009F7287 /* ViewController.swift in Sources */ = {isa = PBXBuildFile; fileRef = 8493950828AC474C009F7287 /* ViewController.swift */; };
		8493950C28AC474C009F7287 /* Main.storyboard in Resources */ = {isa = PBXBuildFile; fileRef = 8493950A28AC474C009F7287 /* Main.storyboard */; };
		8493950E28AC474E009F7287 /* Assets.xcassets in Resources */ = {isa = PBXBuildFile; fileRef = 8493950D28AC474E009F7287 /* Assets.xcassets */; };
		8493951728AC474E009F7287 /* Enkrypt Extension.appex in Embed App Extensions */ = {isa = PBXBuildFile; fileRef = 8493951628AC474E009F7287 /* Enkrypt Extension.appex */; settings = {ATTRIBUTES = (RemoveHeadersOnCopy, ); }; };
		8493951C28AC474E009F7287 /* SafariWebExtensionHandler.swift in Sources */ = {isa = PBXBuildFile; fileRef = 8493951B28AC474E009F7287 /* SafariWebExtensionHandler.swift */; };
		8493953528AC474F009F7287 /* favicon.ico in Resources */ = {isa = PBXBuildFile; fileRef = 8493952928AC474E009F7287 /* favicon.ico */; };
		8493953628AC474F009F7287 /* index.html in Resources */ = {isa = PBXBuildFile; fileRef = 8493952A28AC474E009F7287 /* index.html */; };
		8493953728AC474F009F7287 /* css in Resources */ = {isa = PBXBuildFile; fileRef = 8493952B28AC474E009F7287 /* css */; };
		8493953828AC474F009F7287 /* onboard.html in Resources */ = {isa = PBXBuildFile; fileRef = 8493952C28AC474F009F7287 /* onboard.html */; };
		8493953928AC474F009F7287 /* js in Resources */ = {isa = PBXBuildFile; fileRef = 8493952D28AC474F009F7287 /* js */; };
		8493953A28AC474F009F7287 /* img in Resources */ = {isa = PBXBuildFile; fileRef = 8493952E28AC474F009F7287 /* img */; };
		8493953B28AC474F009F7287 /* trezor-usb-permissions.html in Resources */ = {isa = PBXBuildFile; fileRef = 8493952F28AC474F009F7287 /* trezor-usb-permissions.html */; };
		8493953C28AC474F009F7287 /* scripts in Resources */ = {isa = PBXBuildFile; fileRef = 8493953028AC474F009F7287 /* scripts */; };
		8493953D28AC474F009F7287 /* manifest.json in Resources */ = {isa = PBXBuildFile; fileRef = 8493953128AC474F009F7287 /* manifest.json */; };
		8493953E28AC474F009F7287 /* action.html in Resources */ = {isa = PBXBuildFile; fileRef = 8493953228AC474F009F7287 /* action.html */; };
		8493953F28AC474F009F7287 /* assets in Resources */ = {isa = PBXBuildFile; fileRef = 8493953328AC474F009F7287 /* assets */; };
		8493954028AC474F009F7287 /* vendor in Resources */ = {isa = PBXBuildFile; fileRef = 8493953428AC474F009F7287 /* vendor */; };
		EBAAC15D28D2F5600061925C /* Dark.png in Resources */ = {isa = PBXBuildFile; fileRef = EBAAC15A28D2F5600061925C /* Dark.png */; };
		EBAAC15E28D2F5600061925C /* Logo.png in Resources */ = {isa = PBXBuildFile; fileRef = EBAAC15B28D2F5600061925C /* Logo.png */; };
		EBAAC15F28D2F5600061925C /* Light.png in Resources */ = {isa = PBXBuildFile; fileRef = EBAAC15C28D2F5600061925C /* Light.png */; };
/* End PBXBuildFile section */

/* Begin PBXContainerItemProxy section */
		8493951828AC474E009F7287 /* PBXContainerItemProxy */ = {
			isa = PBXContainerItemProxy;
			containerPortal = 849394F128AC474C009F7287 /* Project object */;
			proxyType = 1;
			remoteGlobalIDString = 8493951528AC474E009F7287;
			remoteInfo = "Enkrypt Extension";
		};
/* End PBXContainerItemProxy section */

/* Begin PBXCopyFilesBuildPhase section */
		8493952428AC474E009F7287 /* Embed App Extensions */ = {
			isa = PBXCopyFilesBuildPhase;
			buildActionMask = 12;
			dstPath = "";
			dstSubfolderSpec = 13;
			files = (
				8493951728AC474E009F7287 /* Enkrypt Extension.appex in Embed App Extensions */,
			);
			name = "Embed App Extensions";
			runOnlyForDeploymentPostprocessing = 0;
		};
/* End PBXCopyFilesBuildPhase section */

/* Begin PBXFileReference section */
		849394F928AC474C009F7287 /* Enkrypt.app */ = {isa = PBXFileReference; explicitFileType = wrapper.application; includeInIndex = 0; path = Enkrypt.app; sourceTree = BUILT_PRODUCTS_DIR; };
		849394FC28AC474C009F7287 /* AppDelegate.swift */ = {isa = PBXFileReference; lastKnownFileType = sourcecode.swift; path = AppDelegate.swift; sourceTree = "<group>"; };
		8493950028AC474C009F7287 /* Base */ = {isa = PBXFileReference; lastKnownFileType = text.html; name = Base; path = ../Base.lproj/Main.html; sourceTree = "<group>"; };
		8493950428AC474C009F7287 /* Style.css */ = {isa = PBXFileReference; lastKnownFileType = text.css; path = Style.css; sourceTree = "<group>"; };
		8493950628AC474C009F7287 /* Script.js */ = {isa = PBXFileReference; lastKnownFileType = sourcecode.javascript; path = Script.js; sourceTree = "<group>"; };
		8493950828AC474C009F7287 /* ViewController.swift */ = {isa = PBXFileReference; lastKnownFileType = sourcecode.swift; path = ViewController.swift; sourceTree = "<group>"; };
		8493950B28AC474C009F7287 /* Base */ = {isa = PBXFileReference; lastKnownFileType = file.storyboard; name = Base; path = Base.lproj/Main.storyboard; sourceTree = "<group>"; };
		8493950D28AC474E009F7287 /* Assets.xcassets */ = {isa = PBXFileReference; lastKnownFileType = folder.assetcatalog; path = Assets.xcassets; sourceTree = "<group>"; };
		8493950F28AC474E009F7287 /* Info.plist */ = {isa = PBXFileReference; lastKnownFileType = text.plist.xml; path = Info.plist; sourceTree = "<group>"; };
		8493951028AC474E009F7287 /* Enkrypt.entitlements */ = {isa = PBXFileReference; lastKnownFileType = text.plist.entitlements; path = Enkrypt.entitlements; sourceTree = "<group>"; };
		8493951628AC474E009F7287 /* Enkrypt Extension.appex */ = {isa = PBXFileReference; explicitFileType = "wrapper.app-extension"; includeInIndex = 0; path = "Enkrypt Extension.appex"; sourceTree = BUILT_PRODUCTS_DIR; };
		8493951B28AC474E009F7287 /* SafariWebExtensionHandler.swift */ = {isa = PBXFileReference; lastKnownFileType = sourcecode.swift; path = SafariWebExtensionHandler.swift; sourceTree = "<group>"; };
		8493951D28AC474E009F7287 /* Info.plist */ = {isa = PBXFileReference; lastKnownFileType = text.plist.xml; path = Info.plist; sourceTree = "<group>"; };
		8493951E28AC474E009F7287 /* Enkrypt_Extension.entitlements */ = {isa = PBXFileReference; lastKnownFileType = text.plist.entitlements; path = Enkrypt_Extension.entitlements; sourceTree = "<group>"; };
		8493952928AC474E009F7287 /* favicon.ico */ = {isa = PBXFileReference; lastKnownFileType = image.ico; name = favicon.ico; path = ../../../packages/extension/dist/favicon.ico; sourceTree = "<group>"; };
		8493952A28AC474E009F7287 /* index.html */ = {isa = PBXFileReference; lastKnownFileType = text.html; name = index.html; path = ../../../packages/extension/dist/index.html; sourceTree = "<group>"; };
		8493952B28AC474E009F7287 /* css */ = {isa = PBXFileReference; lastKnownFileType = folder; name = css; path = ../../../packages/extension/dist/css; sourceTree = "<group>"; };
		8493952C28AC474F009F7287 /* onboard.html */ = {isa = PBXFileReference; lastKnownFileType = text.html; name = onboard.html; path = ../../../packages/extension/dist/onboard.html; sourceTree = "<group>"; };
		8493952D28AC474F009F7287 /* js */ = {isa = PBXFileReference; lastKnownFileType = folder; name = js; path = ../../../packages/extension/dist/js; sourceTree = "<group>"; };
		8493952E28AC474F009F7287 /* img */ = {isa = PBXFileReference; lastKnownFileType = folder; name = img; path = ../../../packages/extension/dist/img; sourceTree = "<group>"; };
		8493952F28AC474F009F7287 /* trezor-usb-permissions.html */ = {isa = PBXFileReference; lastKnownFileType = text.html; name = "trezor-usb-permissions.html"; path = "../../../packages/extension/dist/trezor-usb-permissions.html"; sourceTree = "<group>"; };
		8493953028AC474F009F7287 /* scripts */ = {isa = PBXFileReference; lastKnownFileType = folder; name = scripts; path = ../../../packages/extension/dist/scripts; sourceTree = "<group>"; };
		8493953128AC474F009F7287 /* manifest.json */ = {isa = PBXFileReference; lastKnownFileType = text.json; name = manifest.json; path = ../../../packages/extension/dist/manifest.json; sourceTree = "<group>"; };
		8493953228AC474F009F7287 /* action.html */ = {isa = PBXFileReference; lastKnownFileType = text.html; name = action.html; path = ../../../packages/extension/dist/action.html; sourceTree = "<group>"; };
		8493953328AC474F009F7287 /* assets */ = {isa = PBXFileReference; lastKnownFileType = folder; name = assets; path = ../../../packages/extension/dist/assets; sourceTree = "<group>"; };
		8493953428AC474F009F7287 /* vendor */ = {isa = PBXFileReference; lastKnownFileType = folder; name = vendor; path = ../../../packages/extension/dist/vendor; sourceTree = "<group>"; };
		EBAAC15A28D2F5600061925C /* Dark.png */ = {isa = PBXFileReference; lastKnownFileType = image.png; name = Dark.png; path = Enkrypt/Resources/Dark.png; sourceTree = SOURCE_ROOT; };
		EBAAC15B28D2F5600061925C /* Logo.png */ = {isa = PBXFileReference; lastKnownFileType = image.png; name = Logo.png; path = Enkrypt/Resources/Logo.png; sourceTree = SOURCE_ROOT; };
		EBAAC15C28D2F5600061925C /* Light.png */ = {isa = PBXFileReference; lastKnownFileType = image.png; name = Light.png; path = Enkrypt/Resources/Light.png; sourceTree = SOURCE_ROOT; };
/* End PBXFileReference section */

/* Begin PBXFrameworksBuildPhase section */
		849394F628AC474C009F7287 /* Frameworks */ = {
			isa = PBXFrameworksBuildPhase;
			buildActionMask = 2147483647;
			files = (
			);
			runOnlyForDeploymentPostprocessing = 0;
		};
		8493951328AC474E009F7287 /* Frameworks */ = {
			isa = PBXFrameworksBuildPhase;
			buildActionMask = 2147483647;
			files = (
			);
			runOnlyForDeploymentPostprocessing = 0;
		};
/* End PBXFrameworksBuildPhase section */

/* Begin PBXGroup section */
		849394F028AC474C009F7287 = {
			isa = PBXGroup;
			children = (
				849394FB28AC474C009F7287 /* Enkrypt */,
				8493951A28AC474E009F7287 /* Enkrypt Extension */,
				849394FA28AC474C009F7287 /* Products */,
			);
			sourceTree = "<group>";
		};
		849394FA28AC474C009F7287 /* Products */ = {
			isa = PBXGroup;
			children = (
				849394F928AC474C009F7287 /* Enkrypt.app */,
				8493951628AC474E009F7287 /* Enkrypt Extension.appex */,
			);
			name = Products;
			sourceTree = "<group>";
		};
		849394FB28AC474C009F7287 /* Enkrypt */ = {
			isa = PBXGroup;
			children = (
				849394FC28AC474C009F7287 /* AppDelegate.swift */,
				8493950828AC474C009F7287 /* ViewController.swift */,
				8493950A28AC474C009F7287 /* Main.storyboard */,
				8493950D28AC474E009F7287 /* Assets.xcassets */,
				8493950F28AC474E009F7287 /* Info.plist */,
				8493951028AC474E009F7287 /* Enkrypt.entitlements */,
				849394FE28AC474C009F7287 /* Resources */,
			);
			path = Enkrypt;
			sourceTree = "<group>";
		};
		849394FE28AC474C009F7287 /* Resources */ = {
			isa = PBXGroup;
			children = (
				EBAAC15A28D2F5600061925C /* Dark.png */,
				EBAAC15C28D2F5600061925C /* Light.png */,
				EBAAC15B28D2F5600061925C /* Logo.png */,
				849394FF28AC474C009F7287 /* Main.html */,
				8493950428AC474C009F7287 /* Style.css */,
				8493950628AC474C009F7287 /* Script.js */,
			);
			path = Resources;
			sourceTree = "<group>";
		};
		8493951A28AC474E009F7287 /* Enkrypt Extension */ = {
			isa = PBXGroup;
			children = (
				8493952828AC474E009F7287 /* Resources */,
				8493951B28AC474E009F7287 /* SafariWebExtensionHandler.swift */,
				8493951D28AC474E009F7287 /* Info.plist */,
				8493951E28AC474E009F7287 /* Enkrypt_Extension.entitlements */,
			);
			path = "Enkrypt Extension";
			sourceTree = "<group>";
		};
		8493952828AC474E009F7287 /* Resources */ = {
			isa = PBXGroup;
			children = (
				8493952928AC474E009F7287 /* favicon.ico */,
				8493952A28AC474E009F7287 /* index.html */,
				8493952B28AC474E009F7287 /* css */,
				8493952C28AC474F009F7287 /* onboard.html */,
				8493952D28AC474F009F7287 /* js */,
				8493952E28AC474F009F7287 /* img */,
				8493952F28AC474F009F7287 /* trezor-usb-permissions.html */,
				8493953028AC474F009F7287 /* scripts */,
				8493953128AC474F009F7287 /* manifest.json */,
				8493953228AC474F009F7287 /* action.html */,
				8493953328AC474F009F7287 /* assets */,
				8493953428AC474F009F7287 /* vendor */,
			);
			name = Resources;
			path = "Enkrypt Extension";
			sourceTree = SOURCE_ROOT;
		};
/* End PBXGroup section */

/* Begin PBXNativeTarget section */
		849394F828AC474C009F7287 /* Enkrypt */ = {
			isa = PBXNativeTarget;
			buildConfigurationList = 8493952528AC474E009F7287 /* Build configuration list for PBXNativeTarget "Enkrypt" */;
			buildPhases = (
				849394F528AC474C009F7287 /* Sources */,
				849394F628AC474C009F7287 /* Frameworks */,
				849394F728AC474C009F7287 /* Resources */,
				8493952428AC474E009F7287 /* Embed App Extensions */,
			);
			buildRules = (
			);
			dependencies = (
				8493951928AC474E009F7287 /* PBXTargetDependency */,
			);
			name = Enkrypt;
			productName = Enkrypt;
			productReference = 849394F928AC474C009F7287 /* Enkrypt.app */;
			productType = "com.apple.product-type.application";
		};
		8493951528AC474E009F7287 /* Enkrypt Extension */ = {
			isa = PBXNativeTarget;
			buildConfigurationList = 8493952128AC474E009F7287 /* Build configuration list for PBXNativeTarget "Enkrypt Extension" */;
			buildPhases = (
				8493951228AC474E009F7287 /* Sources */,
				8493951328AC474E009F7287 /* Frameworks */,
				8493951428AC474E009F7287 /* Resources */,
			);
			buildRules = (
			);
			dependencies = (
			);
			name = "Enkrypt Extension";
			productName = "Enkrypt Extension";
			productReference = 8493951628AC474E009F7287 /* Enkrypt Extension.appex */;
			productType = "com.apple.product-type.app-extension";
		};
/* End PBXNativeTarget section */

/* Begin PBXProject section */
		849394F128AC474C009F7287 /* Project object */ = {
			isa = PBXProject;
			attributes = {
				BuildIndependentTargetsInParallel = 1;
				LastSwiftUpdateCheck = 1340;
				LastUpgradeCheck = 1340;
				TargetAttributes = {
					849394F828AC474C009F7287 = {
						CreatedOnToolsVersion = 13.4.1;
					};
					8493951528AC474E009F7287 = {
						CreatedOnToolsVersion = 13.4.1;
					};
				};
			};
			buildConfigurationList = 849394F428AC474C009F7287 /* Build configuration list for PBXProject "Enkrypt" */;
			compatibilityVersion = "Xcode 13.0";
			developmentRegion = en;
			hasScannedForEncodings = 0;
			knownRegions = (
				en,
				Base,
			);
			mainGroup = 849394F028AC474C009F7287;
			productRefGroup = 849394FA28AC474C009F7287 /* Products */;
			projectDirPath = "";
			projectRoot = "";
			targets = (
				849394F828AC474C009F7287 /* Enkrypt */,
				8493951528AC474E009F7287 /* Enkrypt Extension */,
			);
		};
/* End PBXProject section */

/* Begin PBXResourcesBuildPhase section */
		849394F728AC474C009F7287 /* Resources */ = {
			isa = PBXResourcesBuildPhase;
			buildActionMask = 2147483647;
			files = (
				8493950C28AC474C009F7287 /* Main.storyboard in Resources */,
				EBAAC15E28D2F5600061925C /* Logo.png in Resources */,
				8493950728AC474C009F7287 /* Script.js in Resources */,
				8493950128AC474C009F7287 /* Main.html in Resources */,
				EBAAC15F28D2F5600061925C /* Light.png in Resources */,
				EBAAC15D28D2F5600061925C /* Dark.png in Resources */,
				8493950E28AC474E009F7287 /* Assets.xcassets in Resources */,
				8493950528AC474C009F7287 /* Style.css in Resources */,
			);
			runOnlyForDeploymentPostprocessing = 0;
		};
		8493951428AC474E009F7287 /* Resources */ = {
			isa = PBXResourcesBuildPhase;
			buildActionMask = 2147483647;
			files = (
				8493954028AC474F009F7287 /* vendor in Resources */,
				8493953A28AC474F009F7287 /* img in Resources */,
				8493953928AC474F009F7287 /* js in Resources */,
				8493953E28AC474F009F7287 /* action.html in Resources */,
				8493953828AC474F009F7287 /* onboard.html in Resources */,
				8493953728AC474F009F7287 /* css in Resources */,
				8493953D28AC474F009F7287 /* manifest.json in Resources */,
				8493953B28AC474F009F7287 /* trezor-usb-permissions.html in Resources */,
				8493953528AC474F009F7287 /* favicon.ico in Resources */,
				8493953628AC474F009F7287 /* index.html in Resources */,
				8493953C28AC474F009F7287 /* scripts in Resources */,
				8493953F28AC474F009F7287 /* assets in Resources */,
			);
			runOnlyForDeploymentPostprocessing = 0;
		};
/* End PBXResourcesBuildPhase section */

/* Begin PBXSourcesBuildPhase section */
		849394F528AC474C009F7287 /* Sources */ = {
			isa = PBXSourcesBuildPhase;
			buildActionMask = 2147483647;
			files = (
				8493950928AC474C009F7287 /* ViewController.swift in Sources */,
				849394FD28AC474C009F7287 /* AppDelegate.swift in Sources */,
			);
			runOnlyForDeploymentPostprocessing = 0;
		};
		8493951228AC474E009F7287 /* Sources */ = {
			isa = PBXSourcesBuildPhase;
			buildActionMask = 2147483647;
			files = (
				8493951C28AC474E009F7287 /* SafariWebExtensionHandler.swift in Sources */,
			);
			runOnlyForDeploymentPostprocessing = 0;
		};
/* End PBXSourcesBuildPhase section */

/* Begin PBXTargetDependency section */
		8493951928AC474E009F7287 /* PBXTargetDependency */ = {
			isa = PBXTargetDependency;
			target = 8493951528AC474E009F7287 /* Enkrypt Extension */;
			targetProxy = 8493951828AC474E009F7287 /* PBXContainerItemProxy */;
		};
/* End PBXTargetDependency section */

/* Begin PBXVariantGroup section */
		849394FF28AC474C009F7287 /* Main.html */ = {
			isa = PBXVariantGroup;
			children = (
				8493950028AC474C009F7287 /* Base */,
			);
			name = Main.html;
			sourceTree = "<group>";
		};
		8493950A28AC474C009F7287 /* Main.storyboard */ = {
			isa = PBXVariantGroup;
			children = (
				8493950B28AC474C009F7287 /* Base */,
			);
			name = Main.storyboard;
			sourceTree = "<group>";
		};
/* End PBXVariantGroup section */

/* Begin XCBuildConfiguration section */
		8493951F28AC474E009F7287 /* Debug */ = {
			isa = XCBuildConfiguration;
			buildSettings = {
				ALWAYS_SEARCH_USER_PATHS = NO;
				CLANG_ANALYZER_NONNULL = YES;
				CLANG_ANALYZER_NUMBER_OBJECT_CONVERSION = YES_AGGRESSIVE;
				CLANG_CXX_LANGUAGE_STANDARD = "gnu++17";
				CLANG_ENABLE_MODULES = YES;
				CLANG_ENABLE_OBJC_ARC = YES;
				CLANG_ENABLE_OBJC_WEAK = YES;
				CLANG_WARN_BLOCK_CAPTURE_AUTORELEASING = YES;
				CLANG_WARN_BOOL_CONVERSION = YES;
				CLANG_WARN_COMMA = YES;
				CLANG_WARN_CONSTANT_CONVERSION = YES;
				CLANG_WARN_DEPRECATED_OBJC_IMPLEMENTATIONS = YES;
				CLANG_WARN_DIRECT_OBJC_ISA_USAGE = YES_ERROR;
				CLANG_WARN_DOCUMENTATION_COMMENTS = YES;
				CLANG_WARN_EMPTY_BODY = YES;
				CLANG_WARN_ENUM_CONVERSION = YES;
				CLANG_WARN_INFINITE_RECURSION = YES;
				CLANG_WARN_INT_CONVERSION = YES;
				CLANG_WARN_NON_LITERAL_NULL_CONVERSION = YES;
				CLANG_WARN_OBJC_IMPLICIT_RETAIN_SELF = YES;
				CLANG_WARN_OBJC_LITERAL_CONVERSION = YES;
				CLANG_WARN_OBJC_ROOT_CLASS = YES_ERROR;
				CLANG_WARN_QUOTED_INCLUDE_IN_FRAMEWORK_HEADER = YES;
				CLANG_WARN_RANGE_LOOP_ANALYSIS = YES;
				CLANG_WARN_STRICT_PROTOTYPES = YES;
				CLANG_WARN_SUSPICIOUS_MOVE = YES;
				CLANG_WARN_UNGUARDED_AVAILABILITY = YES_AGGRESSIVE;
				CLANG_WARN_UNREACHABLE_CODE = YES;
				CLANG_WARN__DUPLICATE_METHOD_MATCH = YES;
				COPY_PHASE_STRIP = NO;
				DEBUG_INFORMATION_FORMAT = dwarf;
				ENABLE_STRICT_OBJC_MSGSEND = YES;
				ENABLE_TESTABILITY = YES;
				GCC_C_LANGUAGE_STANDARD = gnu11;
				GCC_DYNAMIC_NO_PIC = NO;
				GCC_NO_COMMON_BLOCKS = YES;
				GCC_OPTIMIZATION_LEVEL = 0;
				GCC_PREPROCESSOR_DEFINITIONS = (
					"DEBUG=1",
					"$(inherited)",
				);
				GCC_WARN_64_TO_32_BIT_CONVERSION = YES;
				GCC_WARN_ABOUT_RETURN_TYPE = YES_ERROR;
				GCC_WARN_UNDECLARED_SELECTOR = YES;
				GCC_WARN_UNINITIALIZED_AUTOS = YES_AGGRESSIVE;
				GCC_WARN_UNUSED_FUNCTION = YES;
				GCC_WARN_UNUSED_VARIABLE = YES;
				MACOSX_DEPLOYMENT_TARGET = 12.3;
				MTL_ENABLE_DEBUG_INFO = INCLUDE_SOURCE;
				MTL_FAST_MATH = YES;
				ONLY_ACTIVE_ARCH = YES;
				SDKROOT = macosx;
				SWIFT_ACTIVE_COMPILATION_CONDITIONS = DEBUG;
				SWIFT_OPTIMIZATION_LEVEL = "-Onone";
			};
			name = Debug;
		};
		8493952028AC474E009F7287 /* Release */ = {
			isa = XCBuildConfiguration;
			buildSettings = {
				ALWAYS_SEARCH_USER_PATHS = NO;
				CLANG_ANALYZER_NONNULL = YES;
				CLANG_ANALYZER_NUMBER_OBJECT_CONVERSION = YES_AGGRESSIVE;
				CLANG_CXX_LANGUAGE_STANDARD = "gnu++17";
				CLANG_ENABLE_MODULES = YES;
				CLANG_ENABLE_OBJC_ARC = YES;
				CLANG_ENABLE_OBJC_WEAK = YES;
				CLANG_WARN_BLOCK_CAPTURE_AUTORELEASING = YES;
				CLANG_WARN_BOOL_CONVERSION = YES;
				CLANG_WARN_COMMA = YES;
				CLANG_WARN_CONSTANT_CONVERSION = YES;
				CLANG_WARN_DEPRECATED_OBJC_IMPLEMENTATIONS = YES;
				CLANG_WARN_DIRECT_OBJC_ISA_USAGE = YES_ERROR;
				CLANG_WARN_DOCUMENTATION_COMMENTS = YES;
				CLANG_WARN_EMPTY_BODY = YES;
				CLANG_WARN_ENUM_CONVERSION = YES;
				CLANG_WARN_INFINITE_RECURSION = YES;
				CLANG_WARN_INT_CONVERSION = YES;
				CLANG_WARN_NON_LITERAL_NULL_CONVERSION = YES;
				CLANG_WARN_OBJC_IMPLICIT_RETAIN_SELF = YES;
				CLANG_WARN_OBJC_LITERAL_CONVERSION = YES;
				CLANG_WARN_OBJC_ROOT_CLASS = YES_ERROR;
				CLANG_WARN_QUOTED_INCLUDE_IN_FRAMEWORK_HEADER = YES;
				CLANG_WARN_RANGE_LOOP_ANALYSIS = YES;
				CLANG_WARN_STRICT_PROTOTYPES = YES;
				CLANG_WARN_SUSPICIOUS_MOVE = YES;
				CLANG_WARN_UNGUARDED_AVAILABILITY = YES_AGGRESSIVE;
				CLANG_WARN_UNREACHABLE_CODE = YES;
				CLANG_WARN__DUPLICATE_METHOD_MATCH = YES;
				COPY_PHASE_STRIP = NO;
				DEBUG_INFORMATION_FORMAT = "dwarf-with-dsym";
				ENABLE_NS_ASSERTIONS = NO;
				ENABLE_STRICT_OBJC_MSGSEND = YES;
				GCC_C_LANGUAGE_STANDARD = gnu11;
				GCC_NO_COMMON_BLOCKS = YES;
				GCC_WARN_64_TO_32_BIT_CONVERSION = YES;
				GCC_WARN_ABOUT_RETURN_TYPE = YES_ERROR;
				GCC_WARN_UNDECLARED_SELECTOR = YES;
				GCC_WARN_UNINITIALIZED_AUTOS = YES_AGGRESSIVE;
				GCC_WARN_UNUSED_FUNCTION = YES;
				GCC_WARN_UNUSED_VARIABLE = YES;
				MACOSX_DEPLOYMENT_TARGET = 12.3;
				MTL_ENABLE_DEBUG_INFO = NO;
				MTL_FAST_MATH = YES;
				SDKROOT = macosx;
				SWIFT_COMPILATION_MODE = wholemodule;
				SWIFT_OPTIMIZATION_LEVEL = "-O";
			};
			name = Release;
		};
		8493952228AC474E009F7287 /* Debug */ = {
			isa = XCBuildConfiguration;
			buildSettings = {
				CODE_SIGN_ENTITLEMENTS = "Enkrypt Extension/Enkrypt_Extension.entitlements";
				CODE_SIGN_IDENTITY = "3rd Party Mac Developer Application: MyEtherWallet, Inc. (MDN888GSU8)";
				CODE_SIGN_STYLE = Manual;
				CURRENT_PROJECT_VERSION = 80;
				DEVELOPMENT_TEAM = MDN888GSU8;
				ENABLE_HARDENED_RUNTIME = YES;
				GENERATE_INFOPLIST_FILE = YES;
				INFOPLIST_FILE = "Enkrypt Extension/Info.plist";
				INFOPLIST_KEY_CFBundleDisplayName = "Enkrypt Extension";
				INFOPLIST_KEY_NSHumanReadableCopyright = "";
				LD_RUNPATH_SEARCH_PATHS = (
					"$(inherited)",
					"@executable_path/../Frameworks",
					"@executable_path/../../../../Frameworks",
				);
				MACOSX_DEPLOYMENT_TARGET = 10.14;
				MARKETING_VERSION = 1.0.4;
				OTHER_LDFLAGS = (
					"-framework",
					SafariServices,
				);
				PRODUCT_BUNDLE_IDENTIFIER = com.myetherwallet.enkrypt.safari.Extension;
				PRODUCT_NAME = "$(TARGET_NAME)";
				PROVISIONING_PROFILE_SPECIFIER = "match AppStore com.myetherwallet.enkrypt.safari.Extension macos";
				SKIP_INSTALL = YES;
				SWIFT_EMIT_LOC_STRINGS = YES;
				SWIFT_VERSION = 5.0;
			};
			name = Debug;
		};
		8493952328AC474E009F7287 /* Release */ = {
			isa = XCBuildConfiguration;
			buildSettings = {
				CODE_SIGN_ENTITLEMENTS = "Enkrypt Extension/Enkrypt_Extension.entitlements";
				CODE_SIGN_IDENTITY = "3rd Party Mac Developer Application: MyEtherWallet, Inc. (MDN888GSU8)";
				CODE_SIGN_STYLE = Manual;
				CURRENT_PROJECT_VERSION = 80;
				DEVELOPMENT_TEAM = MDN888GSU8;
				ENABLE_HARDENED_RUNTIME = YES;
				GENERATE_INFOPLIST_FILE = YES;
				INFOPLIST_FILE = "Enkrypt Extension/Info.plist";
				INFOPLIST_KEY_CFBundleDisplayName = "Enkrypt Extension";
				INFOPLIST_KEY_NSHumanReadableCopyright = "";
				LD_RUNPATH_SEARCH_PATHS = (
					"$(inherited)",
					"@executable_path/../Frameworks",
					"@executable_path/../../../../Frameworks",
				);
				MACOSX_DEPLOYMENT_TARGET = 10.14;
				MARKETING_VERSION = 1.0.4;
				OTHER_LDFLAGS = (
					"-framework",
					SafariServices,
				);
				PRODUCT_BUNDLE_IDENTIFIER = com.myetherwallet.enkrypt.safari.Extension;
				PRODUCT_NAME = "$(TARGET_NAME)";
				PROVISIONING_PROFILE_SPECIFIER = "match AppStore com.myetherwallet.enkrypt.safari.Extension macos";
				SKIP_INSTALL = YES;
				SWIFT_EMIT_LOC_STRINGS = YES;
				SWIFT_VERSION = 5.0;
			};
			name = Release;
		};
		8493952628AC474E009F7287 /* Debug */ = {
			isa = XCBuildConfiguration;
			buildSettings = {
				ALWAYS_EMBED_SWIFT_STANDARD_LIBRARIES = YES;
				ASSETCATALOG_COMPILER_APPICON_NAME = AppIcon;
				ASSETCATALOG_COMPILER_GLOBAL_ACCENT_COLOR_NAME = AccentColor;
				CODE_SIGN_ENTITLEMENTS = Enkrypt/Enkrypt.entitlements;
				CODE_SIGN_IDENTITY = "3rd Party Mac Developer Application: MyEtherWallet, Inc. (MDN888GSU8)";
				CODE_SIGN_STYLE = Manual;
				COMBINE_HIDPI_IMAGES = YES;
				CURRENT_PROJECT_VERSION = 80;
				DEVELOPMENT_TEAM = MDN888GSU8;
				ENABLE_HARDENED_RUNTIME = YES;
				GENERATE_INFOPLIST_FILE = YES;
				INFOPLIST_FILE = Enkrypt/Info.plist;
				INFOPLIST_KEY_CFBundleDisplayName = Enkrypt;
				INFOPLIST_KEY_LSApplicationCategoryType = "public.app-category.utilities";
				INFOPLIST_KEY_NSHumanReadableCopyright = "";
				INFOPLIST_KEY_NSMainStoryboardFile = Main;
				INFOPLIST_KEY_NSPrincipalClass = NSApplication;
				LD_RUNPATH_SEARCH_PATHS = (
					"$(inherited)",
					"@executable_path/../Frameworks",
				);
				MACOSX_DEPLOYMENT_TARGET = 12.3;
				MARKETING_VERSION = 1.0.4;
				ONLY_ACTIVE_ARCH = YES;
				OTHER_LDFLAGS = (
					"-framework",
					SafariServices,
					"-framework",
					WebKit,
				);
				PRODUCT_BUNDLE_IDENTIFIER = com.myetherwallet.enkrypt.safari;
				PRODUCT_NAME = "$(TARGET_NAME)";
				PROVISIONING_PROFILE_SPECIFIER = "match AppStore com.myetherwallet.enkrypt.safari macos";
				SWIFT_EMIT_LOC_STRINGS = YES;
				SWIFT_VERSION = 5.0;
			};
			name = Debug;
		};
		8493952728AC474E009F7287 /* Release */ = {
			isa = XCBuildConfiguration;
			buildSettings = {
				ALWAYS_EMBED_SWIFT_STANDARD_LIBRARIES = YES;
				ASSETCATALOG_COMPILER_APPICON_NAME = AppIcon;
				ASSETCATALOG_COMPILER_GLOBAL_ACCENT_COLOR_NAME = AccentColor;
				CODE_SIGN_ENTITLEMENTS = Enkrypt/Enkrypt.entitlements;
				CODE_SIGN_IDENTITY = "3rd Party Mac Developer Application: MyEtherWallet, Inc. (MDN888GSU8)";
				CODE_SIGN_STYLE = Manual;
				COMBINE_HIDPI_IMAGES = YES;
				CURRENT_PROJECT_VERSION = 80;
				DEVELOPMENT_TEAM = MDN888GSU8;
				ENABLE_HARDENED_RUNTIME = YES;
				GENERATE_INFOPLIST_FILE = YES;
				INFOPLIST_FILE = Enkrypt/Info.plist;
				INFOPLIST_KEY_CFBundleDisplayName = Enkrypt;
				INFOPLIST_KEY_LSApplicationCategoryType = "public.app-category.utilities";
				INFOPLIST_KEY_NSHumanReadableCopyright = "";
				INFOPLIST_KEY_NSMainStoryboardFile = Main;
				INFOPLIST_KEY_NSPrincipalClass = NSApplication;
				LD_RUNPATH_SEARCH_PATHS = (
					"$(inherited)",
					"@executable_path/../Frameworks",
				);
				MACOSX_DEPLOYMENT_TARGET = 12.3;
				MARKETING_VERSION = 1.0.4;
				ONLY_ACTIVE_ARCH = YES;
				OTHER_LDFLAGS = (
					"-framework",
					SafariServices,
					"-framework",
					WebKit,
				);
				PRODUCT_BUNDLE_IDENTIFIER = com.myetherwallet.enkrypt.safari;
				PRODUCT_NAME = "$(TARGET_NAME)";
				PROVISIONING_PROFILE_SPECIFIER = "match AppStore com.myetherwallet.enkrypt.safari macos";
				SWIFT_EMIT_LOC_STRINGS = YES;
				SWIFT_VERSION = 5.0;
			};
			name = Release;
		};
/* End XCBuildConfiguration section */

/* Begin XCConfigurationList section */
		849394F428AC474C009F7287 /* Build configuration list for PBXProject "Enkrypt" */ = {
			isa = XCConfigurationList;
			buildConfigurations = (
				8493951F28AC474E009F7287 /* Debug */,
				8493952028AC474E009F7287 /* Release */,
			);
			defaultConfigurationIsVisible = 0;
			defaultConfigurationName = Release;
		};
		8493952128AC474E009F7287 /* Build configuration list for PBXNativeTarget "Enkrypt Extension" */ = {
			isa = XCConfigurationList;
			buildConfigurations = (
				8493952228AC474E009F7287 /* Debug */,
				8493952328AC474E009F7287 /* Release */,
			);
			defaultConfigurationIsVisible = 0;
			defaultConfigurationName = Release;
		};
		8493952528AC474E009F7287 /* Build configuration list for PBXNativeTarget "Enkrypt" */ = {
			isa = XCConfigurationList;
			buildConfigurations = (
				8493952628AC474E009F7287 /* Debug */,
				8493952728AC474E009F7287 /* Release */,
			);
			defaultConfigurationIsVisible = 0;
			defaultConfigurationName = Release;
		};
/* End XCConfigurationList section */
	};
	rootObject = 849394F128AC474C009F7287 /* Project object */;
}
